
Microsoft Visual Studio Solution File, Format Version 12.00
# Visual Studio Version 16
VisualStudioVersion = 16.0.31005.135
MinimumVisualStudioVersion = 10.0.40219.1
Project("{8BC9CEB8-8B4A-11D0-8D11-00A0C91BC942}") = "Course Project Module 7", "Course Project Module 7\Course Project Module 7.vcxproj", "{614769E4-019A-47F2-B986-C912048C64E3}"
EndProject
Global
	GlobalSection(SolutionConfigurationPlatforms) = preSolution
		Debug|x64 = Debug|x64
		Debug|x86 = Debug|x86
		Release|x64 = Release|x64
		Release|x86 = Release|x86
	EndGlobalSection
	GlobalSection(ProjectConfigurationPlatforms) = postSolution
		{614769E4-019A-47F2-B986-C912048C64E3}.Debug|x64.ActiveCfg = Debug|x64
		{614769E4-019A-47F2-B986-C912048C64E3}.Debug|x64.Build.0 = Debug|x64
		{614769E4-019A-47F2-B986-C912048C64E3}.Debug|x86.ActiveCfg = Debug|Win32
		{614769E4-019A-47F2-B986-C912048C64E3}.Debug|x86.Build.0 = Debug|Win32
		{614769E4-019A-47F2-B986-C912048C64E3}.Release|x64.ActiveCfg = Release|x64
		{614769E4-019A-47F2-B986-C912048C64E3}.Release|x64.Build.0 = Release|x64
		{614769E4-019A-47F2-B986-C912048C64E3}.Release|x86.ActiveCfg = Release|Win32
		{614769E4-019A-47F2-B986-C912048C64E3}.Release|x86.Build.0 = Release|Win32
	EndGlobalSection
	GlobalSection(SolutionProperties) = preSolution
		HideSolutionNode = FALSE
	EndGlobalSection
	GlobalSection(ExtensibilityGlobals) = postSolution
		SolutionGuid = {86E1E39D-F082-4444-BAF3-E9037043F33F}
	EndGlobalSection
EndGlobal
